
Microsoft Visual Studio Solution File, Format Version 12.00
Project("{FAE04EC0-301F-11D3-BF4B-00C04F79EFBC}") = "WpfApp1", "WpfApp1\WpfApp1.csproj", "{26A99496-8313-4FEF-B7C6-9B517375A66A}"
EndProject
Project("{FAE04EC0-301F-11D3-BF4B-00C04F79EFBC}") = "Core", "Core\Core.csproj", "{685DACA1-84EC-47DF-943E-DE7B35E65BFB}"
EndProject
Project("{FAE04EC0-301F-11D3-BF4B-00C04F79EFBC}") = "ProducerService", "ProducerService\ProducerService.csproj", "{F0D1FFE9-1288-4F15-94CB-2F583AB1A2D2}"
EndProject
Project("{FAE04EC0-301F-11D3-BF4B-00C04F79EFBC}") = "ConsumerService", "ConsumerService\ConsumerService.csproj", "{501016AE-57DB-4602-A558-7CED524BCD48}"
EndProject
Project("{FAE04EC0-301F-11D3-BF4B-00C04F79EFBC}") = "Common", "Common\Common.csproj", "{57F0E5DF-7FA0-46B7-B111-473CD5078549}"
EndProject
Project("{FAE04EC0-301F-11D3-BF4B-00C04F79EFBC}") = "CacheInvalidationService", "CacheInvalidationService\CacheInvalidationService.csproj", "{908656D3-6022-472D-A4C3-7A72CFEFF997}"
EndProject
Project("{2150E333-8FDC-42A3-9474-1A3956D46DE8}") = "Redis", "Redis", "{AF60AC12-8967-402D-803D-C1195C9E9137}"
EndProject
Project("{2150E333-8FDC-42A3-9474-1A3956D46DE8}") = "EntityFramework", "EntityFramework", "{5C8E7FE0-5941-4D80-8C5E-3A2EA9B52C8F}"
EndProject
Project("{FAE04EC0-301F-11D3-BF4B-00C04F79EFBC}") = "Persistence", "Persistence\Persistence.csproj", "{ACBBD140-9789-46A3-A9D8-4227BC25F780}"
EndProject
Project("{FAE04EC0-301F-11D3-BF4B-00C04F79EFBC}") = "Cpi.Domain", "Cpi.Domain\Cpi.Domain.csproj", "{1BB4FCE0-F290-47D6-929E-8D85EE107088}"
EndProject
Global
	GlobalSection(SolutionConfigurationPlatforms) = preSolution
		Debug|Any CPU = Debug|Any CPU
		Release|Any CPU = Release|Any CPU
	EndGlobalSection
	GlobalSection(ProjectConfigurationPlatforms) = postSolution
		{26A99496-8313-4FEF-B7C6-9B517375A66A}.Debug|Any CPU.ActiveCfg = Debug|Any CPU
		{26A99496-8313-4FEF-B7C6-9B517375A66A}.Debug|Any CPU.Build.0 = Debug|Any CPU
		{26A99496-8313-4FEF-B7C6-9B517375A66A}.Release|Any CPU.ActiveCfg = Release|Any CPU
		{26A99496-8313-4FEF-B7C6-9B517375A66A}.Release|Any CPU.Build.0 = Release|Any CPU
		{685DACA1-84EC-47DF-943E-DE7B35E65BFB}.Debug|Any CPU.ActiveCfg = Debug|Any CPU
		{685DACA1-84EC-47DF-943E-DE7B35E65BFB}.Debug|Any CPU.Build.0 = Debug|Any CPU
		{685DACA1-84EC-47DF-943E-DE7B35E65BFB}.Release|Any CPU.ActiveCfg = Release|Any CPU
		{685DACA1-84EC-47DF-943E-DE7B35E65BFB}.Release|Any CPU.Build.0 = Release|Any CPU
		{F0D1FFE9-1288-4F15-94CB-2F583AB1A2D2}.Debug|Any CPU.ActiveCfg = Debug|Any CPU
		{F0D1FFE9-1288-4F15-94CB-2F583AB1A2D2}.Debug|Any CPU.Build.0 = Debug|Any CPU
		{F0D1FFE9-1288-4F15-94CB-2F583AB1A2D2}.Release|Any CPU.ActiveCfg = Release|Any CPU
		{F0D1FFE9-1288-4F15-94CB-2F583AB1A2D2}.Release|Any CPU.Build.0 = Release|Any CPU
		{501016AE-57DB-4602-A558-7CED524BCD48}.Debug|Any CPU.ActiveCfg = Debug|Any CPU
		{501016AE-57DB-4602-A558-7CED524BCD48}.Debug|Any CPU.Build.0 = Debug|Any CPU
		{501016AE-57DB-4602-A558-7CED524BCD48}.Release|Any CPU.ActiveCfg = Release|Any CPU
		{501016AE-57DB-4602-A558-7CED524BCD48}.Release|Any CPU.Build.0 = Release|Any CPU
		{57F0E5DF-7FA0-46B7-B111-473CD5078549}.Debug|Any CPU.ActiveCfg = Debug|Any CPU
		{57F0E5DF-7FA0-46B7-B111-473CD5078549}.Debug|Any CPU.Build.0 = Debug|Any CPU
		{57F0E5DF-7FA0-46B7-B111-473CD5078549}.Release|Any CPU.ActiveCfg = Release|Any CPU
		{57F0E5DF-7FA0-46B7-B111-473CD5078549}.Release|Any CPU.Build.0 = Release|Any CPU
		{908656D3-6022-472D-A4C3-7A72CFEFF997}.Debug|Any CPU.ActiveCfg = Debug|Any CPU
		{908656D3-6022-472D-A4C3-7A72CFEFF997}.Debug|Any CPU.Build.0 = Debug|Any CPU
		{908656D3-6022-472D-A4C3-7A72CFEFF997}.Release|Any CPU.ActiveCfg = Release|Any CPU
		{908656D3-6022-472D-A4C3-7A72CFEFF997}.Release|Any CPU.Build.0 = Release|Any CPU
		{ACBBD140-9789-46A3-A9D8-4227BC25F780}.Debug|Any CPU.ActiveCfg = Debug|Any CPU
		{ACBBD140-9789-46A3-A9D8-4227BC25F780}.Debug|Any CPU.Build.0 = Debug|Any CPU
		{ACBBD140-9789-46A3-A9D8-4227BC25F780}.Release|Any CPU.ActiveCfg = Release|Any CPU
		{ACBBD140-9789-46A3-A9D8-4227BC25F780}.Release|Any CPU.Build.0 = Release|Any CPU
		{1BB4FCE0-F290-47D6-929E-8D85EE107088}.Debug|Any CPU.ActiveCfg = Debug|Any CPU
		{1BB4FCE0-F290-47D6-929E-8D85EE107088}.Debug|Any CPU.Build.0 = Debug|Any CPU
		{1BB4FCE0-F290-47D6-929E-8D85EE107088}.Release|Any CPU.ActiveCfg = Release|Any CPU
		{1BB4FCE0-F290-47D6-929E-8D85EE107088}.Release|Any CPU.Build.0 = Release|Any CPU
	EndGlobalSection
	GlobalSection(NestedProjects) = preSolution
		{908656D3-6022-472D-A4C3-7A72CFEFF997} = {AF60AC12-8967-402D-803D-C1195C9E9137}
		{501016AE-57DB-4602-A558-7CED524BCD48} = {AF60AC12-8967-402D-803D-C1195C9E9137}
		{F0D1FFE9-1288-4F15-94CB-2F583AB1A2D2} = {AF60AC12-8967-402D-803D-C1195C9E9137}
		{ACBBD140-9789-46A3-A9D8-4227BC25F780} = {5C8E7FE0-5941-4D80-8C5E-3A2EA9B52C8F}
	EndGlobalSection
EndGlobal
